
Microsoft Visual Studio Solution File, Format Version 12.00
# Visual Studio 11
Project("{8BC9CEB8-8B4A-11D0-8D11-00A0C91BC942}") = "Slide", "Slide.vcxproj", "{487F9313-6BFD-41D6-93D0-6F29AFA29BFB}"
EndProject
Global
	GlobalSection(SolutionConfigurationPlatforms) = preSolution
		Debug|Win32 = Debug|Win32
		Release|Win32 = Release|Win32
	EndGlobalSection
	GlobalSection(ProjectConfigurationPlatforms) = postSolution
		{487F9313-6BFD-41D6-93D0-6F29AFA29BFB}.Debug|Win32.ActiveCfg = Debug|Win32
		{487F9313-6BFD-41D6-93D0-6F29AFA29BFB}.Debug|Win32.Build.0 = Debug|Win32
		{487F9313-6BFD-41D6-93D0-6F29AFA29BFB}.Release|Win32.ActiveCfg = Release|Win32
		{487F9313-6BFD-41D6-93D0-6F29AFA29BFB}.Release|Win32.Build.0 = Release|Win32
	EndGlobalSection
	GlobalSection(SolutionProperties) = preSolution
		HideSolutionNode = FALSE
	EndGlobalSection
EndGlobal
